
Microsoft Visual Studio Solution File, Format Version 12.00
# Visual Studio Version 17
VisualStudioVersion = 17.5.33516.290
MinimumVisualStudioVersion = 10.0.40219.1
Project("{9A19103F-16F7-4668-BE54-9A1E7A4F7556}") = "Time, TimePeriod", "Time, TimePeriod\Time, TimePeriod.csproj", "{A0791B27-8AB0-4A90-8068-724BE27A5A01}"
EndProject
Project("{FAE04EC0-301F-11D3-BF4B-00C04F79EFBC}") = "TimeLib", "TimeLib\TimeLib.csproj", "{14695455-BD5E-42A6-9A1B-F45642449879}"
EndProject
Global
	GlobalSection(SolutionConfigurationPlatforms) = preSolution
		Debug|Any CPU = Debug|Any CPU
		Release|Any CPU = Release|Any CPU
	EndGlobalSection
	GlobalSection(ProjectConfigurationPlatforms) = postSolution
		{A0791B27-8AB0-4A90-8068-724BE27A5A01}.Debug|Any CPU.ActiveCfg = Debug|Any CPU
		{A0791B27-8AB0-4A90-8068-724BE27A5A01}.Debug|Any CPU.Build.0 = Debug|Any CPU
		{A0791B27-8AB0-4A90-8068-724BE27A5A01}.Release|Any CPU.ActiveCfg = Release|Any CPU
		{A0791B27-8AB0-4A90-8068-724BE27A5A01}.Release|Any CPU.Build.0 = Release|Any CPU
		{14695455-BD5E-42A6-9A1B-F45642449879}.Debug|Any CPU.ActiveCfg = Debug|Any CPU
		{14695455-BD5E-42A6-9A1B-F45642449879}.Debug|Any CPU.Build.0 = Debug|Any CPU
		{14695455-BD5E-42A6-9A1B-F45642449879}.Release|Any CPU.ActiveCfg = Release|Any CPU
		{14695455-BD5E-42A6-9A1B-F45642449879}.Release|Any CPU.Build.0 = Release|Any CPU
	EndGlobalSection
	GlobalSection(SolutionProperties) = preSolution
		HideSolutionNode = FALSE
	EndGlobalSection
	GlobalSection(ExtensibilityGlobals) = postSolution
		SolutionGuid = {94954E77-F53D-4112-9E0E-EEC84A26CC1E}
	EndGlobalSection
EndGlobal
